
Microsoft Visual Studio Solution File, Format Version 12.00
# Visual Studio Version 17
VisualStudioVersion = 17.10.35013.160
MinimumVisualStudioVersion = 10.0.40219.1
Project("{9A19103F-16F7-4668-BE54-9A1E7A4F7556}") = "Agenda.API", "Agenda.API\Agenda.API.csproj", "{D6D934B2-EB8C-4B82-9276-B5372DA0F5AA}"
EndProject
Project("{2150E333-8FDC-42A3-9474-1A3956D46DE8}") = "Solution Items", "Solution Items", "{891BDBE6-4353-4129-8725-28650058724E}"
EndProject
Global
	GlobalSection(SolutionConfigurationPlatforms) = preSolution
		Debug|Any CPU = Debug|Any CPU
		Release|Any CPU = Release|Any CPU
	EndGlobalSection
	GlobalSection(ProjectConfigurationPlatforms) = postSolution
		{D6D934B2-EB8C-4B82-9276-B5372DA0F5AA}.Debug|Any CPU.ActiveCfg = Debug|Any CPU
		{D6D934B2-EB8C-4B82-9276-B5372DA0F5AA}.Debug|Any CPU.Build.0 = Debug|Any CPU
		{D6D934B2-EB8C-4B82-9276-B5372DA0F5AA}.Release|Any CPU.ActiveCfg = Release|Any CPU
		{D6D934B2-EB8C-4B82-9276-B5372DA0F5AA}.Release|Any CPU.Build.0 = Release|Any CPU
	EndGlobalSection
	GlobalSection(SolutionProperties) = preSolution
		HideSolutionNode = FALSE
	EndGlobalSection
	GlobalSection(ExtensibilityGlobals) = postSolution
		SolutionGuid = {8D6D591C-E525-4540-B19E-3026D257280C}
	EndGlobalSection
EndGlobal
